{
  "nodes": {
    "nixpkgs": {
      "locked": {
        "lastModified": 1758626497,
        "narHash": "sha256-ADzYvd2dvLGLti/s2O/pNqWA4GBSs+Bnor915uWxkgQ=",
        "owner": "NixOS",
        "repo": "nixpkgs",
        "rev": "ac80f862def9f9ab900c55452a8a0deda895ab61",
        "type": "github"
      },
      "original": {
        "owner": "NixOS",
        "repo": "nixpkgs",
        "type": "github"
      }
    },
    "root": {
      "inputs": {
        "nixpkgs": "nixpkgs"
      }
    }
  },
  "root": "root",
  "version": 7
}
